
Microsoft Visual Studio Solution File, Format Version 12.00
# Visual Studio Version 17
VisualStudioVersion = 17.13.35825.156 d17.13
MinimumVisualStudioVersion = 10.0.40219.1
Project("{FAE04EC0-301F-11D3-BF4B-00C04F79EFBC}") = "appminhascompras(fixed)", "appminhascompras(fixed)\appminhascompras(fixed).csproj", "{710E24B5-AE91-417B-9222-B997C29C8368}"
EndProject
Global
	GlobalSection(SolutionConfigurationPlatforms) = preSolution
		Debug|Any CPU = Debug|Any CPU
		Release|Any CPU = Release|Any CPU
	EndGlobalSection
	GlobalSection(ProjectConfigurationPlatforms) = postSolution
		{710E24B5-AE91-417B-9222-B997C29C8368}.Debug|Any CPU.ActiveCfg = Debug|Any CPU
		{710E24B5-AE91-417B-9222-B997C29C8368}.Debug|Any CPU.Build.0 = Debug|Any CPU
		{710E24B5-AE91-417B-9222-B997C29C8368}.Debug|Any CPU.Deploy.0 = Debug|Any CPU
		{710E24B5-AE91-417B-9222-B997C29C8368}.Release|Any CPU.ActiveCfg = Release|Any CPU
		{710E24B5-AE91-417B-9222-B997C29C8368}.Release|Any CPU.Build.0 = Release|Any CPU
		{710E24B5-AE91-417B-9222-B997C29C8368}.Release|Any CPU.Deploy.0 = Release|Any CPU
	EndGlobalSection
	GlobalSection(SolutionProperties) = preSolution
		HideSolutionNode = FALSE
	EndGlobalSection
	GlobalSection(ExtensibilityGlobals) = postSolution
		SolutionGuid = {C28E9E38-7DBD-4C79-9D5F-07479D8A0707}
	EndGlobalSection
EndGlobal
